# This file was autogenerated by Stack.
# You should not edit this file by hand.
# For more information, please see the documentation at:
#   https://docs.haskellstack.org/en/stable/lock_files

packages:
- completed:
    pantry-tree:
      sha256: a01b10a8b32e7aeb1e4fbb922761a3f9a8f28bb9d2270277b849984409aca067
      size: 8214
    hackage: lens-5.1@sha256:2cd46b613b9fb37e6eb64c518fd41cfdf55b15bd217d8780163b5c75974920bf,15013
  original:
    hackage: lens-5.1@sha256:2cd46b613b9fb37e6eb64c518fd41cfdf55b15bd217d8780163b5c75974920bf,15013
- completed:
    pantry-tree:
      sha256: 0a92fc29b7e7f422dbd056c8e8bb88f5e4009ad37d679a8a2dab3ca62de98277
      size: 583
    hackage: hspec-2.9.4@sha256:658a6a74d5a70c040edd6df2a12228c6d9e63082adaad1ed4d0438ad082a0ef3,1709
  original:
    hackage: hspec-2.9.4@sha256:658a6a74d5a70c040edd6df2a12228c6d9e63082adaad1ed4d0438ad082a0ef3,1709
- completed:
    pantry-tree:
      sha256: 3715daf7eb40eefeba075013c5b70d57219d0cfd8114706fc7500c9442f05966
      size: 5684
    hackage: hspec-core-2.9.4@sha256:a126e9087409fef8dcafcd2f8656456527ac7bb163ed4d9cb3a57589042a5fe8,6498
  original:
    hackage: hspec-core-2.9.4@sha256:a126e9087409fef8dcafcd2f8656456527ac7bb163ed4d9cb3a57589042a5fe8,6498
- completed:
    pantry-tree:
      sha256: 54035d7fe6836d08d2e6e934b415135f7e77b4cb002167c4620e3b68d3c51bd7
      size: 828
    hackage: hspec-discover-2.9.4@sha256:fbcf49ecfc3d4da53e797fd0275264cba776ffa324ee223e2a3f4ec2d2c9c4a6,2165
  original:
    hackage: hspec-discover-2.9.4@sha256:fbcf49ecfc3d4da53e797fd0275264cba776ffa324ee223e2a3f4ec2d2c9c4a6,2165
- completed:
    pantry-tree:
      sha256: ba201c0f2aa274afa40dfd3c31abe6e5b0791f14320f7167e750c57508dc70f6
      size: 961
    hackage: servant-js-0.9.4.2@sha256:b2d973b43bfa69f35900bf46e989348b7300c398b599ddf74b90a06173c023f2,3522
  original:
    hackage: servant-js-0.9.4.2@sha256:b2d973b43bfa69f35900bf46e989348b7300c398b599ddf74b90a06173c023f2,3522
snapshots:
- completed:
    sha256: d32407cb1e3a8e180ee6b25ee8e42ac539822728769faf30e7d05c980c76bf2c
    size: 610848
    url: https://raw.githubusercontent.com/commercialhaskell/stackage-snapshots/master/nightly/2022/3/12.yaml
  original: nightly-2022-03-12
